
Microsoft Visual Studio Solution File, Format Version 12.00
# Visual Studio Version 17
VisualStudioVersion = 17.9.34616.47
MinimumVisualStudioVersion = 10.0.40219.1
Project("{FAE04EC0-301F-11D3-BF4B-00C04F79EFBC}") = "TODOAPI", "TODOAPI.csproj", "{1189CC08-D3EE-4DD6-BBC9-217A76E6F1EE}"
EndProject
Global
	GlobalSection(SolutionConfigurationPlatforms) = preSolution
		Debug|Any CPU = Debug|Any CPU
		Release|Any CPU = Release|Any CPU
	EndGlobalSection
	GlobalSection(ProjectConfigurationPlatforms) = postSolution
		{1189CC08-D3EE-4DD6-BBC9-217A76E6F1EE}.Debug|Any CPU.ActiveCfg = Debug|Any CPU
		{1189CC08-D3EE-4DD6-BBC9-217A76E6F1EE}.Debug|Any CPU.Build.0 = Debug|Any CPU
		{1189CC08-D3EE-4DD6-BBC9-217A76E6F1EE}.Release|Any CPU.ActiveCfg = Release|Any CPU
		{1189CC08-D3EE-4DD6-BBC9-217A76E6F1EE}.Release|Any CPU.Build.0 = Release|Any CPU
	EndGlobalSection
	GlobalSection(SolutionProperties) = preSolution
		HideSolutionNode = FALSE
	EndGlobalSection
	GlobalSection(ExtensibilityGlobals) = postSolution
		SolutionGuid = {BC57DE12-A867-4A28-A93D-C0CB535B0EAC}
	EndGlobalSection
EndGlobal
